
Microsoft Visual Studio Solution File, Format Version 12.00
# Visual Studio 15
VisualStudioVersion = 15.0.26403.7
MinimumVisualStudioVersion = 10.0.40219.1
Project("{FAE04EC0-301F-11D3-BF4B-00C04F79EFBC}") = "CSVGeneratorSample", "CSVGeneratorSample\CSVGeneratorSample.csproj", "{3816B955-F007-493C-A0A9-968348F68D63}"
EndProject
Project("{FAE04EC0-301F-11D3-BF4B-00C04F79EFBC}") = "CSVGenerator.Core", "CSVGenerator.Core\CSVGenerator.Core.csproj", "{C95C5A32-EB6B-49A1-8E59-ABEE273E4CE6}"
EndProject
Project("{FAE04EC0-301F-11D3-BF4B-00C04F79EFBC}") = "CSVGenerator.Tester", "CSVGenerator.Tester\CSVGenerator.Tester.csproj", "{595FBAD7-B53A-428D-9D68-36B639BE2AA6}"
EndProject
Global
	GlobalSection(SolutionConfigurationPlatforms) = preSolution
		Debug|Any CPU = Debug|Any CPU
		Release|Any CPU = Release|Any CPU
	EndGlobalSection
	GlobalSection(ProjectConfigurationPlatforms) = postSolution
		{3816B955-F007-493C-A0A9-968348F68D63}.Debug|Any CPU.ActiveCfg = Debug|Any CPU
		{3816B955-F007-493C-A0A9-968348F68D63}.Debug|Any CPU.Build.0 = Debug|Any CPU
		{3816B955-F007-493C-A0A9-968348F68D63}.Release|Any CPU.ActiveCfg = Release|Any CPU
		{3816B955-F007-493C-A0A9-968348F68D63}.Release|Any CPU.Build.0 = Release|Any CPU
		{C95C5A32-EB6B-49A1-8E59-ABEE273E4CE6}.Debug|Any CPU.ActiveCfg = Debug|Any CPU
		{C95C5A32-EB6B-49A1-8E59-ABEE273E4CE6}.Debug|Any CPU.Build.0 = Debug|Any CPU
		{C95C5A32-EB6B-49A1-8E59-ABEE273E4CE6}.Release|Any CPU.ActiveCfg = Release|Any CPU
		{C95C5A32-EB6B-49A1-8E59-ABEE273E4CE6}.Release|Any CPU.Build.0 = Release|Any CPU
		{595FBAD7-B53A-428D-9D68-36B639BE2AA6}.Debug|Any CPU.ActiveCfg = Debug|Any CPU
		{595FBAD7-B53A-428D-9D68-36B639BE2AA6}.Debug|Any CPU.Build.0 = Debug|Any CPU
		{595FBAD7-B53A-428D-9D68-36B639BE2AA6}.Release|Any CPU.ActiveCfg = Release|Any CPU
		{595FBAD7-B53A-428D-9D68-36B639BE2AA6}.Release|Any CPU.Build.0 = Release|Any CPU
	EndGlobalSection
	GlobalSection(SolutionProperties) = preSolution
		HideSolutionNode = FALSE
	EndGlobalSection
EndGlobal
